
Microsoft Visual Studio Solution File, Format Version 12.00
# Visual Studio Version 16
VisualStudioVersion = 16.0.31515.178
MinimumVisualStudioVersion = 10.0.40219.1
Project("{FAE04EC0-301F-11D3-BF4B-00C04F79EFBC}") = "Diamond", ".\CodeKata\Diamond.csproj", "{BAB73D91-A3DB-4CC3-93B5-AD15F73DA6DC}"
EndProject
Project("{FAE04EC0-301F-11D3-BF4B-00C04F79EFBC}") = "CodeKata.Tests", ".\CodeKata.Tests\CodeKata.Tests.csproj", "{AB177B02-8F54-4CB4-8FD8-F750B1606AF5}"
EndProject
Project("{FAE04EC0-301F-11D3-BF4B-00C04F79EFBC}") = "CodeKata.Lib", ".\CodeKata.Lib\CodeKata.Lib.csproj", "{A410C559-869E-485E-A581-8690F3263278}"
EndProject
Global
	GlobalSection(SolutionConfigurationPlatforms) = preSolution
		Debug|Any CPU = Debug|Any CPU
		Release|Any CPU = Release|Any CPU
	EndGlobalSection
	GlobalSection(ProjectConfigurationPlatforms) = postSolution
		{BAB73D91-A3DB-4CC3-93B5-AD15F73DA6DC}.Debug|Any CPU.ActiveCfg = Debug|Any CPU
		{BAB73D91-A3DB-4CC3-93B5-AD15F73DA6DC}.Debug|Any CPU.Build.0 = Debug|Any CPU
		{BAB73D91-A3DB-4CC3-93B5-AD15F73DA6DC}.Release|Any CPU.ActiveCfg = Release|Any CPU
		{BAB73D91-A3DB-4CC3-93B5-AD15F73DA6DC}.Release|Any CPU.Build.0 = Release|Any CPU
		{AB177B02-8F54-4CB4-8FD8-F750B1606AF5}.Debug|Any CPU.ActiveCfg = Debug|Any CPU
		{AB177B02-8F54-4CB4-8FD8-F750B1606AF5}.Debug|Any CPU.Build.0 = Debug|Any CPU
		{AB177B02-8F54-4CB4-8FD8-F750B1606AF5}.Release|Any CPU.ActiveCfg = Release|Any CPU
		{AB177B02-8F54-4CB4-8FD8-F750B1606AF5}.Release|Any CPU.Build.0 = Release|Any CPU
		{A410C559-869E-485E-A581-8690F3263278}.Debug|Any CPU.ActiveCfg = Debug|Any CPU
		{A410C559-869E-485E-A581-8690F3263278}.Debug|Any CPU.Build.0 = Debug|Any CPU
		{A410C559-869E-485E-A581-8690F3263278}.Release|Any CPU.ActiveCfg = Release|Any CPU
		{A410C559-869E-485E-A581-8690F3263278}.Release|Any CPU.Build.0 = Release|Any CPU
	EndGlobalSection
	GlobalSection(SolutionProperties) = preSolution
		HideSolutionNode = FALSE
	EndGlobalSection
	GlobalSection(ExtensibilityGlobals) = postSolution
		SolutionGuid = {37E63673-A081-4637-AB3B-719186AF9B3C}
	EndGlobalSection
EndGlobal
